{
  "version": "3",
  "packages": {
    "specifiers": {
      "jsr:@oak/commons@0.7": "jsr:@oak/commons@0.7.0",
      "jsr:@std/assert@0.218": "jsr:@std/assert@0.218.2",
      "jsr:@std/assert@^0.218.2": "jsr:@std/assert@0.218.2",
      "jsr:@std/bytes@0.218": "jsr:@std/bytes@0.218.2",
      "jsr:@std/bytes@^0.218.2": "jsr:@std/bytes@0.218.2",
      "jsr:@std/crypto@0.218": "jsr:@std/crypto@0.218.2",
      "jsr:@std/encoding@0.218": "jsr:@std/encoding@0.218.2",
      "jsr:@std/encoding@^0.218.2": "jsr:@std/encoding@0.218.2",
      "jsr:@std/http@0.218": "jsr:@std/http@0.218.2",
      "jsr:@std/io@0.218": "jsr:@std/io@0.218.2",
      "jsr:@std/media-types@0.218": "jsr:@std/media-types@0.218.2",
      "jsr:@std/path@0.218": "jsr:@std/path@0.218.2",
      "npm:@types/node": "npm:@types/node@18.16.19",
      "npm:path-to-regexp@6.2.1": "npm:path-to-regexp@6.2.1"
    },
    "jsr": {
      "@oak/commons@0.7.0": {
        "integrity": "4bd889b3dc9ddac1b602034d88c137f06de7078775961b51081beb5f175c120b"
      },
      "@std/assert@0.218.2": {
        "integrity": "7f0a5a1a8cf86607cd6c2c030584096e1ffad27fc9271429a8cb48cfbdee5eaf"
      },
      "@std/bytes@0.218.2": {
        "integrity": "91fe54b232dcca73856b79a817247f4a651dbb60d51baafafb6408c137241670"
      },
      "@std/crypto@0.218.2": {
        "integrity": "8c5031a3a1c3ac3bed3c0d4bed2fe7e7faedcb673bbfa0edd10570c8452f5cd2",
        "dependencies": [
          "jsr:@std/assert@^0.218.2",
          "jsr:@std/encoding@^0.218.2"
        ]
      },
      "@std/encoding@0.218.2": {
        "integrity": "da55a763c29bf0dbf06fd286430b358266eb99c28789d89fe9a3e28edecb8d8e"
      },
      "@std/http@0.218.2": {
        "integrity": "54223b62702e665b9dab6373ea2e51235e093ef47228d21cfa0469ee5ac75c9b",
        "dependencies": [
          "jsr:@std/assert@^0.218.2",
          "jsr:@std/encoding@^0.218.2"
        ]
      },
      "@std/io@0.218.2": {
        "integrity": "c64fbfa087b7c9d4d386c5672f291f607d88cb7d44fc299c20c713e345f2785f",
        "dependencies": [
          "jsr:@std/bytes@^0.218.2"
        ]
      },
      "@std/media-types@0.218.2": {
        "integrity": "1ed3bd2a05e44bad3fc2bab1767d0ce7f2fd68baee62a980751ce51633acb788"
      },
      "@std/path@0.218.2": {
        "integrity": "b568fd923d9e53ad76d17c513e7310bda8e755a3e825e6289a0ce536404e2662",
        "dependencies": [
          "jsr:@std/assert@^0.218.2"
        ]
      }
    },
    "npm": {
      "@types/node@18.16.19": {
        "integrity": "sha512-IXl7o+R9iti9eBW4Wg2hx1xQDig183jj7YLn8F7udNceyfkbn1ZxmzZXuak20gR40D7pIkIY1kYGx5VIGbaHKA==",
        "dependencies": {}
      },
      "path-to-regexp@6.2.1": {
        "integrity": "sha512-JLyh7xT1kizaEvcaXOQwOc2/Yhw6KZOvPf1S8401UyLk86CU79LN3vl7ztXGm/pZ+YjoyAJ4rxmHwbkBXJX+yw==",
        "dependencies": {}
      }
    }
  },
  "redirects": {
    "https://deno.land/x/markdown_renderer/mod.ts": "https://deno.land/x/markdown_renderer@0.1.3/mod.ts",
    "https://deno.land/x/rusty_markdown/mod.ts": "https://deno.land/x/rusty_markdown@v0.4.1/mod.ts",
    "https://esm.sh/v135/@types/he@~1.2/index.d.ts": "https://esm.sh/v135/@types/he@1.2.3/index.d.ts",
    "https://esm.sh/v135/@types/marked@~4.0/index.d.ts": "https://esm.sh/v135/@types/marked@4.0.8/index.d.ts",
    "https://esm.sh/v135/@types/prismjs@^1/index.d.ts": "https://esm.sh/v135/@types/prismjs@1.26.3/index.d.ts",
    "https://esm.sh/v135/@types/sanitize-html@^2/index.d.ts": "https://esm.sh/v135/@types/sanitize-html@2.11.0/index.d.ts"
  },
  "remote": {
    "https://deno.land/std@0.103.0/encoding/base64.ts": "eecae390f1f1d1cae6f6c6d732ede5276bf4b9cd29b1d281678c054dc5cc009e",
    "https://deno.land/std@0.207.0/assert/assert.ts": "9a97dad6d98c238938e7540736b826440ad8c1c1e54430ca4c4e623e585607ee",
    "https://deno.land/std@0.207.0/assert/assertion_error.ts": "4d0bde9b374dfbcbe8ac23f54f567b77024fb67dbb1906a852d67fe050d42f56",
    "https://deno.land/std@0.207.0/bytes/concat.ts": "d3d420badeb4f26a0f2f3ce343725f937326aff1b4634b25341b12b27353aac4",
    "https://deno.land/std@0.207.0/crypto/_fnv/fnv32.ts": "e4649dfdefc5c987ed53c3c25db62db771a06d9d1b9c36d2b5cf0853b8e82153",
    "https://deno.land/std@0.207.0/crypto/_fnv/fnv64.ts": "bfa0e4702061fdb490a14e6bf5f9168a22fb022b307c5723499469bfefca555e",
    "https://deno.land/std@0.207.0/crypto/_fnv/mod.ts": "f956a95f58910f223e420340b7404702ecd429603acd4491fa77af84f746040c",
    "https://deno.land/std@0.207.0/crypto/_fnv/util.ts": "accba12bfd80a352e32a872f87df2a195e75561f1b1304a4cb4f5a4648d288f9",
    "https://deno.land/std@0.207.0/crypto/_wasm/lib/deno_std_wasm_crypto.generated.mjs": "6dd6f8d5061b7805579e954059a01aeec95636aac8fd408feb4352757cde71ae",
    "https://deno.land/std@0.207.0/crypto/_wasm/mod.ts": "c4386f0ee80968faa82079cc21066aba2147bd6ca74ae45f1478fca7dbca804a",
    "https://deno.land/std@0.207.0/crypto/crypto.ts": "a85295caff8b56ea43b91d57e92af89d6abf809a6eae5a25e18304bc0088b2aa",
    "https://deno.land/std@0.207.0/uuid/_common.ts": "cb1441f4df460571fc0919e1c5c217f3e7006189b703caf946604b3f791ae34d",
    "https://deno.land/std@0.207.0/uuid/constants.ts": "0d0e95561343da44adb4a4edbc1f04cef48b0d75288c4d1704f58743f4a50d88",
    "https://deno.land/std@0.207.0/uuid/mod.ts": "5c7ca252dddba1ddf0bca2dc1124328245272650c98251d71996bb9cd8f5a386",
    "https://deno.land/std@0.207.0/uuid/v1.ts": "fe36009afce7ced96e1b5928565e12c5a8eb0df1a2b5063c0a72bda6b75c0de5",
    "https://deno.land/std@0.207.0/uuid/v3.ts": "397ad58daec8b5ef6ba7e94fe86c9bc56b194adcbe2f70ec40a1fb005203c870",
    "https://deno.land/std@0.207.0/uuid/v4.ts": "0f081880c156fd59b9e44e2f84ea0f94a3627e89c224eaf6cc982b53d849f37e",
    "https://deno.land/std@0.207.0/uuid/v5.ts": "9daaf769e487b512d25adf8e137e05ff2e3392d27f66d5b273ee28030ff7cd58",
    "https://deno.land/std@0.221.0/ulid/_util.ts": "27b0b5d69ab6e98406c75e85381e2dfd0b0c128b891f122a37ff2adda782e35b",
    "https://deno.land/std@0.221.0/ulid/mod.ts": "ce79f47b0c622a917f952708d34b18591db3523f0954ba85a3887a607937f3c3",
    "https://deno.land/x/html@v1.2.0/mod.ts": "cf4a00358668309fd1b9814a338ddb7cc2c9af466eeab0d5937b09f2b6ffa724",
    "https://deno.land/x/lz4@v0.1.2/mod.ts": "4decfc1a3569d03fd1813bd39128b71c8f082850fe98ecfdde20025772916582",
    "https://deno.land/x/lz4@v0.1.2/wasm.js": "b9c65605327ba273f0c76a6dc596ec534d4cda0f0225d7a94ebc606782319e46",
    "https://deno.land/x/markdown_renderer@0.1.3/depts.ts": "be37e6c4e7f83309942191aae4502098ddebd5aad86ff087ff0e769fbb0ce6a5",
    "https://deno.land/x/markdown_renderer@0.1.3/mod.ts": "fe177baf1c7a4804b3f663ec98afd5521417cb0917cfdc9a69c0520e670a67af",
    "https://deno.land/x/oak@14.2.0/application.ts": "27242ca872580c44321b71e2581bcb7a81004b326b06bb7e90c2625278e405c2",
    "https://deno.land/x/oak@14.2.0/body.ts": "da0ad584c6fb8acbe3ccad288ebb5e5cfd5e65e8186c0f6d43516bb6c11fb968",
    "https://deno.land/x/oak@14.2.0/content_disposition.ts": "8b8c3cb2fba7138cd5b7f82fc3b5ea39b33db924a824b28261659db7e164621e",
    "https://deno.land/x/oak@14.2.0/context.ts": "6a48ba99151478c5f7fd84072f722f9d20dd73816f175f001dbb8716a5225f6f",
    "https://deno.land/x/oak@14.2.0/deps.ts": "9fdb7a99720ad023d609dda13f5d0cb995e8b5cc0e223e08cf2b1fb94c1ddca6",
    "https://deno.land/x/oak@14.2.0/etag.ts": "68d2b34b6bbf41a5e57181f26a90e22ab2f5230d77bf7679b567444fb1a107de",
    "https://deno.land/x/oak@14.2.0/form_data.ts": "dd3599c3b8e47e154434bf43049898187519117403d3494433a68d708f0d1937",
    "https://deno.land/x/oak@14.2.0/forwarded.ts": "97fa621071e4878ce64196055b49cdf8ee63f1bb39185c9446bfb817c209bcc9",
    "https://deno.land/x/oak@14.2.0/headers.ts": "4d74f92a6eda8746473612c04176823e3d12c52189aa4239e624a8ae61835f14",
    "https://deno.land/x/oak@14.2.0/helpers.ts": "d198b50cb13abb1629406882a483c078015d75b3343991ad8ec69aabff879372",
    "https://deno.land/x/oak@14.2.0/http_server_bun.ts": "7d36a3caab01578545257f8d197abc063d30f2df88529ba2e845006c74223910",
    "https://deno.land/x/oak@14.2.0/http_server_native.ts": "ee1598e4bf798a0f6dfc04cde6639d318f73ae25963b13bacc355466e369758a",
    "https://deno.land/x/oak@14.2.0/http_server_native_request.ts": "e34b9ef0e4a52bd3d5d761fff010256612e538aba1bef643c5ea805931e6a410",
    "https://deno.land/x/oak@14.2.0/http_server_node.ts": "9ab25aae469e52aecd4cca85345a8e8ad9af6112a96728c13900ab6d51558ab9",
    "https://deno.land/x/oak@14.2.0/middleware.ts": "5165e0c18f0a3b92bf01ca9d9f0ae211b30ca9b23a9460f11334459a2ff715aa",
    "https://deno.land/x/oak@14.2.0/middleware/proxy.ts": "c136d22c3e396fdee6a9c2e2ba65388bb895d0f82af412c197bc7cda69e5664e",
    "https://deno.land/x/oak@14.2.0/middleware/serve.ts": "83f6559b4cd5e5d30bcbe6acc8478bb7dbcb98af719952bc2810e2d6ead664ea",
    "https://deno.land/x/oak@14.2.0/mod.ts": "0d29f7941ab1f170436a15c3c1f5de4fa94fbe32f4ec79732ed6e06c6b581ceb",
    "https://deno.land/x/oak@14.2.0/node_shims.ts": "4db1569b2b79b73f37c4d947f4aaa50a93e266d48fe67601c8a31af17a28884d",
    "https://deno.land/x/oak@14.2.0/range.ts": "789cb5bc86987843c4ea47e054cad6ceacfbe853c0a57f37a46596b8215c458e",
    "https://deno.land/x/oak@14.2.0/request.ts": "86ea0498e934257ecc07d15ea83493547d9db49a29ae98b4bc76ab234e7d862b",
    "https://deno.land/x/oak@14.2.0/response.ts": "b1985ece7b727d5ba8830ada09318f98ff967b25f63f3e976fc2ebda03b59750",
    "https://deno.land/x/oak@14.2.0/router.ts": "568e45888c8a2a571e983129f337f8a944f492653ec943328dd58a4eb914c599",
    "https://deno.land/x/oak@14.2.0/send.ts": "2ca6b54b16092ab209e2cbea1803947d101c5381bd59a84df5ce44cb1811999d",
    "https://deno.land/x/oak@14.2.0/structured_clone.ts": "a01fa10ea9aae733264557f962630f155873d3bf45dbb2a8e53be5daa1b8cf5a",
    "https://deno.land/x/oak@14.2.0/testing.ts": "157711ade8634f9377ca87147db4317861d51388c82e0da4ae829c142a123db8",
    "https://deno.land/x/oak@14.2.0/types.ts": "09f0494db5d642e3492d23cd46da665d2df2590ef7e987b0412659260453d1f9",
    "https://deno.land/x/oak@14.2.0/util.ts": "22fb55001472158ed4bdf53ce1a6848e10860507aa9a2e16d0b92d2b420f2a90",
    "https://deno.land/x/rusty_markdown@v0.4.1/event.ts": "d77c27dca6e70837f2adcffecdb032742dd6e79cf2d56d73227f2eaa910cb6c4",
    "https://deno.land/x/rusty_markdown@v0.4.1/mod.ts": "3ed2f7b57ef13b56e4f5b650e3696778bf3ea528f748fd3876d97ade189cdab6",
    "https://deno.land/x/rusty_markdown@v0.4.1/wasm/deno_rusty_markdown.js": "fcdbce8bd23a6c8237254f882e82fe89e04444f3abdd56bb8297ffb1f6dee6d6",
    "https://esm.sh/he@1.2.0": "388a449d0b163506f1a5ed1b9fe178c29433c9a3af5b2465c92ec4adb0f35792",
    "https://esm.sh/marked@4.0.17": "03166844bd56054772366c36d8eeb2f058aaa5da295129e29edfaf6c7383da67",
    "https://esm.sh/prismjs@1.28.0": "57f88adad0c22e10b83b93c9d2eca0a984c37a5b3267acfd56a7a09dc8a9142e",
    "https://esm.sh/sanitize-html@2.7.0": "ffa7bd6cbe3706a8760ffaa2aa5b17b5648d988d1ecf3d471ffee60a5c9f11ba",
    "https://esm.sh/v135/deepmerge@4.3.1/denonext/deepmerge.mjs": "08481570f6011601fe4b827bffb00cdea632e55c923c44485d8719e8ab77b7c9",
    "https://esm.sh/v135/dom-serializer@1.4.1/denonext/dom-serializer.mjs": "fd86f1d561e6a51a4f34448d5c4a9f2ab4eaa76047df96ee452a80a957c3d722",
    "https://esm.sh/v135/domelementtype@2.3.0/denonext/domelementtype.mjs": "371936c356d5ac797f2ce3a66b98dfc73e6fff0e095b2858b85668e6ad7d10e0",
    "https://esm.sh/v135/domhandler@4.3.1/denonext/domhandler.mjs": "463323f0b16b4174b4939241d737ad81d6fac54318a92a7bc96097ff1033804f",
    "https://esm.sh/v135/domutils@2.8.0/denonext/domutils.mjs": "5470a0a019c52be8cda5c2d5e948bfc802134c9f81ee02a9958bbdd16cf3d11c",
    "https://esm.sh/v135/entities@2.2.0/denonext/entities.mjs": "af15975e7c8b5f17be658d1db80f9de7c076cb9cd53c4dcfc9dd60d460266d62",
    "https://esm.sh/v135/entities@2.2.0/denonext/lib/decode_codepoint.js": "68b6cbd2b5c122b862e414cd9c3a01af2bff35d3d7b1dd2089f4ffcef5a2f5c2",
    "https://esm.sh/v135/escape-string-regexp@4.0.0/denonext/escape-string-regexp.mjs": "4bebd5b21a97ea88f1b93f2851c077053d3cc323ac2b2eefc835ff3d7dab8ae9",
    "https://esm.sh/v135/he@1.2.0/denonext/he.mjs": "1ffb3a2e1892578e01267fda4b32f30dd0b4b3be7393fe239b0ea30cf1d654c7",
    "https://esm.sh/v135/htmlparser2@6.1.0/denonext/htmlparser2.mjs": "3068af4d89ba653778e3c1248938db62b773357f6905a1b324084f5683cba978",
    "https://esm.sh/v135/is-plain-object@5.0.0/denonext/is-plain-object.mjs": "6d9568ddc8b90de99a46c63e14984810280b6b021dc4e478803b3c240811985f",
    "https://esm.sh/v135/marked@4.0.17/denonext/marked.mjs": "d463f19d05c98531485af4f7ad372f2798a7d067cd6a60f4fdebab6ea7e91cc2",
    "https://esm.sh/v135/nanoid@3.3.7/denonext/non-secure.js": "04f910c9045422af11c2760899978492d745d6b13e5d9f08040c13b658c27ee0",
    "https://esm.sh/v135/parse-srcset@1.0.2/denonext/parse-srcset.mjs": "79b825d12a392cca8b39a53f6189e4f6d8c81612bbed7e3bb7946195d5264737",
    "https://esm.sh/v135/picocolors@1.0.0/denonext/picocolors.mjs": "5d53d745955947dce84f82222cfd00fd021239fcbe9336c6bbfe34ed2f40886c",
    "https://esm.sh/v135/postcss@8.4.31/denonext/lib/at-rule.js": "4cd3a53a67b972be9712e9af2492b2eadd32cbbeda6310a909e34d984bcda048",
    "https://esm.sh/v135/postcss@8.4.31/denonext/lib/comment.js": "6224f5617fbcfb90ee0a14a07951258c2cacb8b918bd9210c9950e617f0daaa8",
    "https://esm.sh/v135/postcss@8.4.31/denonext/lib/container.js": "128ef5a47586593b71b52c4499920b384a1fa73df9bbd14c8ff1946fc440a783",
    "https://esm.sh/v135/postcss@8.4.31/denonext/lib/css-syntax-error.js": "81e3ca71ff833022a56aa7b4de2c5995999f33465a209390e6b28b7611582d41",
    "https://esm.sh/v135/postcss@8.4.31/denonext/lib/declaration.js": "d8ed2e3f54f9970cdc66c139481cd52961708dd7202cfdb409bf5f1c5b4ffb83",
    "https://esm.sh/v135/postcss@8.4.31/denonext/lib/fromJSON.js": "f08d5cd84c4840a726cbc2fc149253864dafe69ff2991fa0c6fa3490c5c8fd70",
    "https://esm.sh/v135/postcss@8.4.31/denonext/lib/input.js": "5776098707b39daca45565699c1d1ecd700c415ca863c7ebef7d402619c7f9c0",
    "https://esm.sh/v135/postcss@8.4.31/denonext/lib/lazy-result.js": "5e2c5cbe211148ecd272f5900fc4189317c74acf3570ff12b307a31716069536",
    "https://esm.sh/v135/postcss@8.4.31/denonext/lib/list.js": "9ee1a8ca4cb42b87372db1fc6549fff29916564f8c07bf52870a84d2b91c6553",
    "https://esm.sh/v135/postcss@8.4.31/denonext/lib/map-generator.js": "1d25d7e1f7c98e583a7525966ff00065aa0f2cfc78e760fccdb1dbf632746004",
    "https://esm.sh/v135/postcss@8.4.31/denonext/lib/no-work-result.js": "a7e85149a2a58cdb8d24928f37da2c1fe7a7812466cf03b1ef3ad34ee66c60e7",
    "https://esm.sh/v135/postcss@8.4.31/denonext/lib/node.js": "fb129d1023b2c428f9fe10626ce345508eaeca84def469b7ff025a14932fc14b",
    "https://esm.sh/v135/postcss@8.4.31/denonext/lib/parse.js": "6f2f0301c1b6171f930973e93eae429a7c7355e9a73b608548e38a0a58669167",
    "https://esm.sh/v135/postcss@8.4.31/denonext/lib/parser.js": "09074eefec15c6849794c51f0bea2af7f37f8c64dd2a210831f0d9047d73129c",
    "https://esm.sh/v135/postcss@8.4.31/denonext/lib/postcss.js": "e3455363a90f50b2fb40ef356772e408a924692d363dca03ac676fd7dd786391",
    "https://esm.sh/v135/postcss@8.4.31/denonext/lib/previous-map.js": "22332c5d21d8a3c56df08f6ed46ea0c2034ec9d2a3ca8e85d28c2b7ec3875e05",
    "https://esm.sh/v135/postcss@8.4.31/denonext/lib/processor.js": "583f9dee08e160a160f14f60c98733ba4c187de9a3192fe2f0a04ffe35b09e95",
    "https://esm.sh/v135/postcss@8.4.31/denonext/lib/result.js": "c40d7a814c0c95f250bcc5eb1f94110c016e7ff7dae1e25ffdc298520ba1a0c5",
    "https://esm.sh/v135/postcss@8.4.31/denonext/lib/root.js": "c211a1310bfcf0a7e202a68d0bf79125ac472a5a4f3b6b1d9fb17805c1323550",
    "https://esm.sh/v135/postcss@8.4.31/denonext/lib/rule.js": "4316a023cfaa889a2ec21e5a6129ce0e3639936f578c44909d3dc537aaf11be4",
    "https://esm.sh/v135/postcss@8.4.31/denonext/lib/stringifier.js": "ee4c8dff2c1e67ea351bc003563f15cbfaaa1a5d079eda31dfb8b7d23fd7ca19",
    "https://esm.sh/v135/postcss@8.4.31/denonext/lib/stringify.js": "c99df0b7406b7a1c63909c855959255d5ecef31967a0eb09ae08cf84737b6d61",
    "https://esm.sh/v135/postcss@8.4.31/denonext/lib/symbols.js": "21d641931343fff9437a1bd720a7df9e60d7f599b2ba269c98a1e741071f495c",
    "https://esm.sh/v135/postcss@8.4.31/denonext/lib/terminal-highlight.js": "5f215fde89517b9e37963ed10c31962a0f3331bc6d7da6ec61d1305d86aee9f2",
    "https://esm.sh/v135/postcss@8.4.31/denonext/lib/tokenize.js": "c73b6614aa8e3afd00130d76bb989d9c3211f225c9e9e6a8c326b0952d05d4b6",
    "https://esm.sh/v135/postcss@8.4.31/denonext/lib/warn-once.js": "3f6117216f9e1c8935cb05ee84459bf10debfaaf5ecbe517c43d3c1c31aa0b2f",
    "https://esm.sh/v135/postcss@8.4.31/denonext/lib/warning.js": "af11340817cce38f4b02f93cadb4c77b0142c69565f07ee86e13ba8948ebeb16",
    "https://esm.sh/v135/postcss@8.4.31/denonext/postcss.mjs": "17cb1bfa8d463c1e35ed187969d937c4a2c880508dcaf00f15db9277ffc4becd",
    "https://esm.sh/v135/prismjs@1.28.0/denonext/prismjs.mjs": "e2818632f2add9d036e7c2f3c9034023eadf11b61d061fe42533189fd3124f14",
    "https://esm.sh/v135/sanitize-html@2.7.0/denonext/sanitize-html.mjs": "d3ef3b0140960800501807202835342d79ca82f30ca131dd2677f22ff1e2601c",
    "https://esm.sh/v135/source-map-js@1.0.2/denonext/source-map-js.mjs": "81ed2d1f28bd08a762f6819d5b366285a1bacf4b5c3757d866c79e4950529bfd"
  }
}
